
Microsoft Visual Studio Solution File, Format Version 12.00
# Visual Studio Version 17
VisualStudioVersion = 17.6.33801.468
MinimumVisualStudioVersion = 10.0.40219.1
Project("{FAE04EC0-301F-11D3-BF4B-00C04F79EFBC}") = "Api", "Api\Api.csproj", "{F5F03CFF-894B-48B5-8EF6-F3ABDA57B6B2}"
EndProject
Project("{FAE04EC0-301F-11D3-BF4B-00C04F79EFBC}") = "Domain", "Domain\Domain.csproj", "{8B6772F8-7C9D-46C2-84A2-422DB27B97E6}"
EndProject
Project("{FAE04EC0-301F-11D3-BF4B-00C04F79EFBC}") = "Infra.MongoDbDriver", "Infra.MongoDbDriver\Infra.MongoDbDriver.csproj", "{B43C326F-61A9-4E92-9876-BA1916E023E2}"
EndProject
Project("{FAE04EC0-301F-11D3-BF4B-00C04F79EFBC}") = "Application", "Application\Application.csproj", "{ADBD0DE5-9FA7-4EF8-8B27-2F29E3912BEF}"
EndProject
Project("{FAE04EC0-301F-11D3-BF4B-00C04F79EFBC}") = "Infra.EntityFramework", "Infra.EntityFramework\Infra.EntityFramework.csproj", "{D9A1D34B-7942-451E-B234-A3165F521CF9}"
EndProject
Project("{FAE04EC0-301F-11D3-BF4B-00C04F79EFBC}") = "Infra.CData", "Infra.CData\Infra.CData.csproj", "{972D537E-D2F0-43F4-B4A6-AA9029901585}"
EndProject
Project("{FAE04EC0-301F-11D3-BF4B-00C04F79EFBC}") = "Infra.Data", "Infra.Data\Infra.Data.csproj", "{4A22CFA8-940D-425B-B755-B357EA750B31}"
EndProject
Project("{2150E333-8FDC-42A3-9474-1A3956D46DE8}") = "Providers", "Providers", "{502BB5A4-0284-45AB-BC2A-6E3CA8FFD2E7}"
EndProject
Global
	GlobalSection(SolutionConfigurationPlatforms) = preSolution
		Debug|Any CPU = Debug|Any CPU
		Release|Any CPU = Release|Any CPU
	EndGlobalSection
	GlobalSection(ProjectConfigurationPlatforms) = postSolution
		{F5F03CFF-894B-48B5-8EF6-F3ABDA57B6B2}.Debug|Any CPU.ActiveCfg = Debug|Any CPU
		{F5F03CFF-894B-48B5-8EF6-F3ABDA57B6B2}.Debug|Any CPU.Build.0 = Debug|Any CPU
		{F5F03CFF-894B-48B5-8EF6-F3ABDA57B6B2}.Release|Any CPU.ActiveCfg = Release|Any CPU
		{F5F03CFF-894B-48B5-8EF6-F3ABDA57B6B2}.Release|Any CPU.Build.0 = Release|Any CPU
		{8B6772F8-7C9D-46C2-84A2-422DB27B97E6}.Debug|Any CPU.ActiveCfg = Debug|Any CPU
		{8B6772F8-7C9D-46C2-84A2-422DB27B97E6}.Debug|Any CPU.Build.0 = Debug|Any CPU
		{8B6772F8-7C9D-46C2-84A2-422DB27B97E6}.Release|Any CPU.ActiveCfg = Release|Any CPU
		{8B6772F8-7C9D-46C2-84A2-422DB27B97E6}.Release|Any CPU.Build.0 = Release|Any CPU
		{B43C326F-61A9-4E92-9876-BA1916E023E2}.Debug|Any CPU.ActiveCfg = Debug|Any CPU
		{B43C326F-61A9-4E92-9876-BA1916E023E2}.Debug|Any CPU.Build.0 = Debug|Any CPU
		{B43C326F-61A9-4E92-9876-BA1916E023E2}.Release|Any CPU.ActiveCfg = Release|Any CPU
		{B43C326F-61A9-4E92-9876-BA1916E023E2}.Release|Any CPU.Build.0 = Release|Any CPU
		{ADBD0DE5-9FA7-4EF8-8B27-2F29E3912BEF}.Debug|Any CPU.ActiveCfg = Debug|Any CPU
		{ADBD0DE5-9FA7-4EF8-8B27-2F29E3912BEF}.Debug|Any CPU.Build.0 = Debug|Any CPU
		{ADBD0DE5-9FA7-4EF8-8B27-2F29E3912BEF}.Release|Any CPU.ActiveCfg = Release|Any CPU
		{ADBD0DE5-9FA7-4EF8-8B27-2F29E3912BEF}.Release|Any CPU.Build.0 = Release|Any CPU
		{D9A1D34B-7942-451E-B234-A3165F521CF9}.Debug|Any CPU.ActiveCfg = Debug|Any CPU
		{D9A1D34B-7942-451E-B234-A3165F521CF9}.Debug|Any CPU.Build.0 = Debug|Any CPU
		{D9A1D34B-7942-451E-B234-A3165F521CF9}.Release|Any CPU.ActiveCfg = Release|Any CPU
		{D9A1D34B-7942-451E-B234-A3165F521CF9}.Release|Any CPU.Build.0 = Release|Any CPU
		{972D537E-D2F0-43F4-B4A6-AA9029901585}.Debug|Any CPU.ActiveCfg = Debug|Any CPU
		{972D537E-D2F0-43F4-B4A6-AA9029901585}.Debug|Any CPU.Build.0 = Debug|Any CPU
		{972D537E-D2F0-43F4-B4A6-AA9029901585}.Release|Any CPU.ActiveCfg = Release|Any CPU
		{972D537E-D2F0-43F4-B4A6-AA9029901585}.Release|Any CPU.Build.0 = Release|Any CPU
		{4A22CFA8-940D-425B-B755-B357EA750B31}.Debug|Any CPU.ActiveCfg = Debug|Any CPU
		{4A22CFA8-940D-425B-B755-B357EA750B31}.Debug|Any CPU.Build.0 = Debug|Any CPU
		{4A22CFA8-940D-425B-B755-B357EA750B31}.Release|Any CPU.ActiveCfg = Release|Any CPU
		{4A22CFA8-940D-425B-B755-B357EA750B31}.Release|Any CPU.Build.0 = Release|Any CPU
	EndGlobalSection
	GlobalSection(SolutionProperties) = preSolution
		HideSolutionNode = FALSE
	EndGlobalSection
	GlobalSection(NestedProjects) = preSolution
		{B43C326F-61A9-4E92-9876-BA1916E023E2} = {502BB5A4-0284-45AB-BC2A-6E3CA8FFD2E7}
		{D9A1D34B-7942-451E-B234-A3165F521CF9} = {502BB5A4-0284-45AB-BC2A-6E3CA8FFD2E7}
		{972D537E-D2F0-43F4-B4A6-AA9029901585} = {502BB5A4-0284-45AB-BC2A-6E3CA8FFD2E7}
	EndGlobalSection
	GlobalSection(ExtensibilityGlobals) = postSolution
		SolutionGuid = {7ABA685C-3F38-4378-824E-C0A1B9E2CD8E}
	EndGlobalSection
EndGlobal
